
Microsoft Visual Studio Solution File, Format Version 12.00
# Visual Studio Version 17
VisualStudioVersion = 17.3.32901.215
MinimumVisualStudioVersion = 10.0.40219.1
Project("{FAE04EC0-301F-11D3-BF4B-00C04F79EFBC}") = "L10_JAHR_1145922", "L10_JAHR_1145922\L10_JAHR_1145922.csproj", "{8BED7934-8B70-46BD-805E-217A887C37B4}"
EndProject
Global
	GlobalSection(SolutionConfigurationPlatforms) = preSolution
		Debug|Any CPU = Debug|Any CPU
		Release|Any CPU = Release|Any CPU
	EndGlobalSection
	GlobalSection(ProjectConfigurationPlatforms) = postSolution
		{8BED7934-8B70-46BD-805E-217A887C37B4}.Debug|Any CPU.ActiveCfg = Debug|Any CPU
		{8BED7934-8B70-46BD-805E-217A887C37B4}.Debug|Any CPU.Build.0 = Debug|Any CPU
		{8BED7934-8B70-46BD-805E-217A887C37B4}.Release|Any CPU.ActiveCfg = Release|Any CPU
		{8BED7934-8B70-46BD-805E-217A887C37B4}.Release|Any CPU.Build.0 = Release|Any CPU
	EndGlobalSection
	GlobalSection(SolutionProperties) = preSolution
		HideSolutionNode = FALSE
	EndGlobalSection
	GlobalSection(ExtensibilityGlobals) = postSolution
		SolutionGuid = {AB15B25E-A6D7-473C-94FE-BB39F2995604}
	EndGlobalSection
EndGlobal
